
Microsoft Visual Studio Solution File, Format Version 12.00
# Visual Studio Version 17
VisualStudioVersion = 17.1.32407.343
MinimumVisualStudioVersion = 10.0.40219.1
Project("{9A19103F-16F7-4668-BE54-9A1E7A4F7556}") = "LearnSRSApi", "LearnSRSApi\LearnSRSApi.csproj", "{290DA119-AA59-49E0-B942-FDB78A703B21}"
EndProject
Global
	GlobalSection(SolutionConfigurationPlatforms) = preSolution
		Debug|Any CPU = Debug|Any CPU
		Release|Any CPU = Release|Any CPU
	EndGlobalSection
	GlobalSection(ProjectConfigurationPlatforms) = postSolution
		{290DA119-AA59-49E0-B942-FDB78A703B21}.Debug|Any CPU.ActiveCfg = Debug|Any CPU
		{290DA119-AA59-49E0-B942-FDB78A703B21}.Debug|Any CPU.Build.0 = Debug|Any CPU
		{290DA119-AA59-49E0-B942-FDB78A703B21}.Release|Any CPU.ActiveCfg = Release|Any CPU
		{290DA119-AA59-49E0-B942-FDB78A703B21}.Release|Any CPU.Build.0 = Release|Any CPU
	EndGlobalSection
	GlobalSection(SolutionProperties) = preSolution
		HideSolutionNode = FALSE
	EndGlobalSection
	GlobalSection(ExtensibilityGlobals) = postSolution
		SolutionGuid = {A29E8BA8-8216-4AD1-9F09-53EC79E2F440}
	EndGlobalSection
EndGlobal
